
Microsoft Visual Studio Solution File, Format Version 12.00
# Visual Studio Version 16
VisualStudioVersion = 16.0.29709.97
MinimumVisualStudioVersion = 10.0.40219.1
Project("{FAE04EC0-301F-11D3-BF4B-00C04F79EFBC}") = "ServerClient", "..\ServerClient\ServerClient.csproj", "{4079798B-8D3C-45C7-8FA1-6FD0E83AA623}"
EndProject
Project("{FAE04EC0-301F-11D3-BF4B-00C04F79EFBC}") = "ServerFunctions", "ServerFunctions.csproj", "{6FAFE675-E90F-4A9F-A8B0-603168619AD2}"
EndProject
Global
	GlobalSection(SolutionConfigurationPlatforms) = preSolution
		Debug|Any CPU = Debug|Any CPU
		Release|Any CPU = Release|Any CPU
	EndGlobalSection
	GlobalSection(ProjectConfigurationPlatforms) = postSolution
		{4079798B-8D3C-45C7-8FA1-6FD0E83AA623}.Debug|Any CPU.ActiveCfg = Debug|Any CPU
		{4079798B-8D3C-45C7-8FA1-6FD0E83AA623}.Debug|Any CPU.Build.0 = Debug|Any CPU
		{4079798B-8D3C-45C7-8FA1-6FD0E83AA623}.Release|Any CPU.ActiveCfg = Release|Any CPU
		{4079798B-8D3C-45C7-8FA1-6FD0E83AA623}.Release|Any CPU.Build.0 = Release|Any CPU
		{6FAFE675-E90F-4A9F-A8B0-603168619AD2}.Debug|Any CPU.ActiveCfg = Debug|Any CPU
		{6FAFE675-E90F-4A9F-A8B0-603168619AD2}.Debug|Any CPU.Build.0 = Debug|Any CPU
		{6FAFE675-E90F-4A9F-A8B0-603168619AD2}.Release|Any CPU.ActiveCfg = Release|Any CPU
		{6FAFE675-E90F-4A9F-A8B0-603168619AD2}.Release|Any CPU.Build.0 = Release|Any CPU
	EndGlobalSection
	GlobalSection(SolutionProperties) = preSolution
		HideSolutionNode = FALSE
	EndGlobalSection
	GlobalSection(ExtensibilityGlobals) = postSolution
		SolutionGuid = {DD263E82-1E15-4B31-B721-9EA80ABC50BE}
	EndGlobalSection
EndGlobal
